{
  "name": "janus-test",
  "lockfileVersion": 2,
  "requires": true,
  "packages": {
    "": {
      "dependencies": {
        "janus-gateway": "^0.2.3"
      }
    },
    "node_modules/janus-gateway": {
      "version": "0.2.3",
      "resolved": "https://registry.npmjs.org/janus-gateway/-/janus-gateway-0.2.3.tgz",
      "integrity": "sha1-EfgW63kIVIncnQTZZgeqq5hyc0k="
    }
  },
  "dependencies": {
    "janus-gateway": {
      "version": "0.2.3",
      "resolved": "https://registry.npmjs.org/janus-gateway/-/janus-gateway-0.2.3.tgz",
      "integrity": "sha1-EfgW63kIVIncnQTZZgeqq5hyc0k="
    }
  }
}
